github.com/davecgh/go-spew v1.1.0 h1:ZDRjVQ15GmhC3fiQ8ni8+OwkZQO4DARzQgrnXU1Liz8=
github.com/davecgh/go-spew v1.1.0/go.mod h1:J7Y8YcW2NihsgmVo/mv3lAwl/skON4iLHjSsI+c5H38=
github.com/fd/go-nat v1.0.0 h1:DPyQ97sxA9ThrWYRPcWUz/z9TnpTIGRYODIQc/dy64M=
github.com/fd/go-nat v1.0.0/go.mod h1:BTBu/CKvMmOMUPkKVef1pngt2WFH/lg7E6yQnulfp6E=
github.com/gogo/protobuf v1.1.1 h1:72R+M5VuhED/KujmZVcIquuo8mBgX4oVda//DQb3PXo=
github.com/gogo/protobuf v1.1.1/go.mod h1:r8qH/GZQm5c6nD/R0oafs1akxWv10x8SbQlK7atdtwQ=
github.com/golang/glog v0.0.0-20160126235308-23def4e6c14b h1:VKtxabqXZkF25pY9ekfRL6a582T4P37/31XEstQ5p58=
github.com/golang/glog v0.0.0-20160126235308-23def4e6c14b/go.mod h1:SBH7ygxi8pfUlaOkMMuAQtPIUF8ecWP5IEl/CR7VP2Q=
github.com/golang/mock v1.1.1/go.mod h1:oTYuIxOrZwtPieC+H1uAHpcLFnEyAGVDL/k47Jfbm0A=
github.com/huin/goupnp v0.0.0-20180415215157-1395d1447324 h1:PV190X5/DzQ/tbFFG5YpT5mH6q+cHlfgqI5JuRnH9oE=
github.com/huin/goupnp v0.0.0-20180415215157-1395d1447324/go.mod h1:MZ2ZmwcBpvOoJ22IJsc7va19ZwoheaBk43rKg12SKag=
github.com/ipfs/go-ipfs v0.4.17 h1:MMX/TO1bDXNgztFuGU5L/O28of0pKncfhUk3ptjwFhQ=
github.com/ipfs/go-ipfs v0.4.17/go.mod h1:iXzbK+Wa6eePj3jQg/uY6Uoq5iOwY+GToD/bgaRadto=
github.com/jackpal/gateway v1.0.4 h1:LS5EHkLuQ6jzaHwULi0vL+JO0mU/n4yUtK8oUjHHOlM=
github.com/jackpal/gateway v1.0.4/go.mod h1:lTpwd4ACLXmpyiCTRtfiNyVnUmqT9RivzCDQetPfnjA=
github.com/jackpal/go-nat-pmp v1.0.1 h1:i0LektDkO1QlrTm/cSuP+PyBCDnYvjPLGl4LdWEMiaA=
github.com/jackpal/go-nat-pmp v1.0.1/go.mod h1:QPH045xvCAeXUZOxsnwmrtiCoxIr9eob+4orBN1SBKc=
github.com/klauspost/cpuid v0.0.0-20180405133222-e7e905edc00e h1:+lIPJOWl+jSiJOc70QXJ07+2eg2Jy2EC7Mi11BWujeM=
github.com/klauspost/cpuid v0.0.0-20180405133222-e7e905edc00e/go.mod h1:Pj4uuM528wm8OyEC2QMXAi2YiTZ96dNQPGgoMS4s3ek=
github.com/klauspost/reedsolomon v0.0.0-20180704173009-925cb01d6510 h1:9eOgsI7EIGhJWPMBvSY+x0SEpeGGWUSijOrwK0XhpIk=
github.com/klauspost/reedsolomon v0.0.0-20180704173009-925cb01d6510/go.mod h1:CwCi+NUr9pqSVktrkN+Ondf06rkhYZ/pcNv7fu+8Un4=
github.com/minio/blake2b-simd v0.0.0-20160723061019-3f5f724cb5b1 h1:lYpkrQH5ajf0OXOcUbGjvZxxijuBwbbmlSxLiuofa+g=
github.com/minio/blake2b-simd v0.0.0-20160723061019-3f5f724cb5b1/go.mod h1:pD8RvIylQ358TN4wwqatJ8rNavkEINozVn9DtGI3dfQ=
github.com/perlin-network/noise v1.1.0 h1:jvFmgOXwB5VqC8iu9zX+GjGjPEMKPKfhcHmHnCX2xzQ=
github.com/perlin-network/noise v1.1.0/go.mod h1:QCORppHESoRRJ4FOhcpg30nbr1wachSOv5BZ1SRcRhE=
github.com/perlin-network/noise v1.1.1-0.20180919211059-35d0d411da2a h1:iSx+TEAAqnKWCoQFVMrZxMslg6H3S0v7oaciQI+iBlM=
github.com/perlin-network/noise v1.1.1-0.20180919211059-35d0d411da2a/go.mod h1:FWlPuoPtW6heTWr92VFBfcC/VBStKE7wojvtHbKmIFc=
github.com/perlin-network/noise v1.1.1-0.20181016155300-e83afc330dff h1:CkUJDAICByvP16sVd/ohpe4fjT6+k6ox13p0DxPLwhc=
github.com/perlin-network/noise v1.1.1-0.20181016155300-e83afc330dff/go.mod h1:AcrGkd3xrP8RVGHjZER5yjM9XEGaGQcUluPoCOBxiK4=
github.com/pkg/errors v0.8.0 h1:WdK/asTD0HN+q6hsWO3/vpuAkAr+tw6aNJNDFFf0+qw=
github.com/pkg/errors v0.8.0/go.mod h1:bwawxfHBFNV+L2hUp1rHADufV3IMtnDRdf1r5NINEl0=
github.com/pmezard/go-difflib v1.0.0 h1:4DBwDE0NGyQoBHbLQYPwSUPoCMWR5BEzIk/f1lZbAQM=
github.com/pmezard/go-difflib v1.0.0/go.mod h1:iKH77koFhYxTK1pcRnkKkqfTogsbg7gZNVY4sRDYZ/4=
github.com/rs/zerolog v1.9.0 h1:h+fPIJoX2FeL8y0m9EZdm5UN/Zn9uxl/gaNKBlco9qg=
github.com/rs/zerolog v1.9.0/go.mod h1:YbFCdg8HfsridGWAh22vktObvhZbQsZXe4/zB0OKkWU=
github.com/stretchr/testify v1.2.2 h1:bSDNvY7ZPG5RlJ8otE/7V6gMiyenm9RtJ7IUVIAoJ1w=
github.com/stretchr/testify v1.2.2/go.mod h1:a8OnRcib4nhh0OaRAV+Yts87kKdq0PP7pXfy6kDkUVs=
github.com/templexxx/cpufeat v0.0.0-20180714071118-e85c4911a733 h1:MWu31GuJyPrtg4nzabmCIZI5lspfHga8vmdrkatYe1c=
github.com/templexxx/cpufeat v0.0.0-20180714071118-e85c4911a733/go.mod h1:wM7WEvslTq+iOEAMDLSzhVuOt5BRZ05WirO+b09GHQU=
github.com/templexxx/xor v0.0.0-20170926022130-0af8e873c554 h1:pexgSe+JCFuxG+uoMZLO+ce8KHtdHGhst4cs6rw3gmk=
github.com/templexxx/xor v0.0.0-20170926022130-0af8e873c554/go.mod h1:5XA7W9S6mni3h5uvOC75dA3m9CCCaS83lltmc0ukdi4=
github.com/tjfoc/gmsm v1.0.1 h1:R11HlqhXkDospckjZEihx9SW/2VW0RgdwrykyWMFOQU=
github.com/tjfoc/gmsm v1.0.1/go.mod h1:XxO4hdhhrzAd+G4CjDqaOkd0hUzmtPR/d3EiBBMn/wc=
github.com/uber-go/atomic v1.3.2/go.mod h1:/Ct5t2lcmbJ4OSe/waGBoaVvVqtO0bmtfVNex1PFV8g=
github.com/xtaci/kcp-go v0.0.0-20180203133237-42bc1dfefff5 h1:9hz2j39pbj6YzKUiGPE+65NzKDRrBPdhv1gZGYojNmQ=
github.com/xtaci/kcp-go v0.0.0-20180203133237-42bc1dfefff5/go.mod h1:bN6vIwHQbfHaHtFpEssmWsN45a+AZwO7eyRCmEIbtvE=
github.com/xtaci/smux v1.0.7/go.mod h1:f+nYm6SpuHMy/SH0zpbvAFHT1QoMcgLOsWcFip5KfPw=
go.uber.org/atomic v1.3.2/go.mod h1:gD2HeocX3+yG+ygLZcrzQJaqmWj9AIm7n08wl/qW/PE=
golang.org/x/crypto v0.0.0-20180718160520-a2144134853f h1:lRy+hhwk7YT7MsKejxuz0C5Q1gk6p/QoPQYEmKmGFb8=
golang.org/x/crypto v0.0.0-20180718160520-a2144134853f/go.mod h1:6SG95UA2DQfeDnfUPMdvaQW0Q7yPrPDi9nlGo2tz2b4=
golang.org/x/net v0.0.0-20180524181706-dfa909b99c79/go.mod h1:mL1N/T3taQHkDXs73rZJwtUhF3w3ftmwwsq0BUmARs4=
golang.org/x/net v0.0.0-20180712202826-d0887baf81f4 h1:KDF3PK6A+dkI7c4O8QbMtJqcXE3LdNJFGZECIlifQOg=
golang.org/x/net v0.0.0-20180712202826-d0887baf81f4/go.mod h1:mL1N/T3taQHkDXs73rZJwtUhF3w3ftmwwsq0BUmARs4=
golang.org/x/sys v0.0.0-20180919162611-1561086e645b h1:AnKkq1vWZRACfUpS3PTWIN1eRYErnwW+iPP47aL3+MM=
golang.org/x/sys v0.0.0-20180919162611-1561086e645b/go.mod h1:STP8DvDyc/dI5b8T5hshtkjS+E42TnysNCUPdjciGhY=
golang.org/x/sys v0.0.0-20181011152604-fa43e7bc11ba h1:nZJIJPGow0Kf9bU9QTc1U6OXbs/7Hu4e+cNv+hxH+Zc=
golang.org/x/sys v0.0.0-20181011152604-fa43e7bc11ba/go.mod h1:STP8DvDyc/dI5b8T5hshtkjS+E42TnysNCUPdjciGhY=
golang.org/x/text v0.3.0 h1:g61tztE5qeGQ89tm6NTjjM9VPIm088od1l6aSorWRWg=
golang.org/x/text v0.3.0/go.mod h1:NqM8EUOU14njkJ3fqMW+pc6Ldnwhi/IjpwHt7yyuwOQ=
golang.org/x/vgo v0.0.0-20180912184537-9d567625acf4 h1:ouUW0k6XvH360Tr2/HkzQWY7/aU+3QVkfWnrRNf2udQ=
golang.org/x/vgo v0.0.0-20180912184537-9d567625acf4/go.mod h1:rPwukS3Aj8LZv1dK2rFNXSfYxdueYuvBJ7u3uL3f47I=
